
Microsoft Visual Studio Solution File, Format Version 12.00
# Visual Studio Version 17
VisualStudioVersion = 17.4.33205.214
MinimumVisualStudioVersion = 10.0.40219.1
Project("{9A19103F-16F7-4668-BE54-9A1E7A4F7556}") = "Gukaratsa.Extensions.Logging.Tcp", "src\libraries\Gukaratsa.Extensions.Logging\src\Gukaratsa.Extensions.Logging.Tcp\Gukaratsa.Extensions.Logging.Tcp.csproj", "{423C8982-31F8-447A-B2CC-72CD2AB644C0}"
EndProject
Project("{9A19103F-16F7-4668-BE54-9A1E7A4F7556}") = "Gukaratsa.Logging_cli", "src\clitools\Gukaratsa.Logging_cli\src\Gukaratsa.Logging_cli\Gukaratsa.Logging_cli.csproj", "{898B4EEF-4ED1-4832-BEB0-4E8B33DA59DE}"
EndProject
Project("{9A19103F-16F7-4668-BE54-9A1E7A4F7556}") = "Gukaratsa.Logging_gui", "src\guis\Gukaratsa.Logging_gui\src\Gukaratsa.Logging_gui\Gukaratsa.Logging_gui.csproj", "{33225380-EF4C-4A59-9F62-451E8E4268DB}"
EndProject
Global
	GlobalSection(SolutionConfigurationPlatforms) = preSolution
		Debug|Any CPU = Debug|Any CPU
		Release|Any CPU = Release|Any CPU
	EndGlobalSection
	GlobalSection(ProjectConfigurationPlatforms) = postSolution
		{423C8982-31F8-447A-B2CC-72CD2AB644C0}.Debug|Any CPU.ActiveCfg = Debug|Any CPU
		{423C8982-31F8-447A-B2CC-72CD2AB644C0}.Debug|Any CPU.Build.0 = Debug|Any CPU
		{423C8982-31F8-447A-B2CC-72CD2AB644C0}.Release|Any CPU.ActiveCfg = Release|Any CPU
		{423C8982-31F8-447A-B2CC-72CD2AB644C0}.Release|Any CPU.Build.0 = Release|Any CPU
		{898B4EEF-4ED1-4832-BEB0-4E8B33DA59DE}.Debug|Any CPU.ActiveCfg = Debug|Any CPU
		{898B4EEF-4ED1-4832-BEB0-4E8B33DA59DE}.Debug|Any CPU.Build.0 = Debug|Any CPU
		{898B4EEF-4ED1-4832-BEB0-4E8B33DA59DE}.Release|Any CPU.ActiveCfg = Release|Any CPU
		{898B4EEF-4ED1-4832-BEB0-4E8B33DA59DE}.Release|Any CPU.Build.0 = Release|Any CPU
		{33225380-EF4C-4A59-9F62-451E8E4268DB}.Debug|Any CPU.ActiveCfg = Debug|Any CPU
		{33225380-EF4C-4A59-9F62-451E8E4268DB}.Debug|Any CPU.Build.0 = Debug|Any CPU
		{33225380-EF4C-4A59-9F62-451E8E4268DB}.Release|Any CPU.ActiveCfg = Release|Any CPU
		{33225380-EF4C-4A59-9F62-451E8E4268DB}.Release|Any CPU.Build.0 = Release|Any CPU
	EndGlobalSection
	GlobalSection(SolutionProperties) = preSolution
		HideSolutionNode = FALSE
	EndGlobalSection
	GlobalSection(ExtensibilityGlobals) = postSolution
		SolutionGuid = {F311799D-54A7-45A0-8F96-F9F54C8798F4}
	EndGlobalSection
EndGlobal
